
Microsoft Visual Studio Solution File, Format Version 12.00
# Visual Studio Version 17
VisualStudioVersion = 17.8.34330.188
MinimumVisualStudioVersion = 10.0.40219.1
Project("{FAE04EC0-301F-11D3-BF4B-00C04F79EFBC}") = "SharpThief", "SharpThief.csproj", "{025280A3-24F7-4C55-9B5E-D08124A52546}"
EndProject
Global
	GlobalSection(SolutionConfigurationPlatforms) = preSolution
		Debug|Any CPU = Debug|Any CPU
		Release|Any CPU = Release|Any CPU
	EndGlobalSection
	GlobalSection(ProjectConfigurationPlatforms) = postSolution
		{025280A3-24F7-4C55-9B5E-D08124A52546}.Debug|Any CPU.ActiveCfg = Debug|Any CPU
		{025280A3-24F7-4C55-9B5E-D08124A52546}.Debug|Any CPU.Build.0 = Debug|Any CPU
		{025280A3-24F7-4C55-9B5E-D08124A52546}.Release|Any CPU.ActiveCfg = Release|Any CPU
		{025280A3-24F7-4C55-9B5E-D08124A52546}.Release|Any CPU.Build.0 = Release|Any CPU
	EndGlobalSection
	GlobalSection(SolutionProperties) = preSolution
		HideSolutionNode = FALSE
	EndGlobalSection
	GlobalSection(ExtensibilityGlobals) = postSolution
		SolutionGuid = {9C6B7700-39D4-49C6-B934-91BCE8F6D7DA}
	EndGlobalSection
EndGlobal
